version = 1
revision = 3
requires-python = ">=3.14"

[[package]]
name = "agent-sandbox"
version = "0.1.0"
source = { editable = "." }

[package.dev-dependencies]
dev = [
    { name = "ruff" },
    { name = "ty" },
]

[package.metadata]

[package.metadata.requires-dev]
dev = [
    { name = "ruff", specifier = ">=0.15.15" },
    { name = "ty", specifier = ">=0.0.41" },
]

[[package]]
name = "ruff"
version = "0.15.15"
source = { registry = "https://pypi.org/simple" }
sdist = { url = "https://files.pythonhosted.org/packages/84/6f/a76f7d96e5c962f5b69cee865e49c15c1116897c01990faa8a57edb62e7f/ruff-0.15.15.tar.gz", hash = "sha256:b8dff018130b46d8e5bf0f926ef6b60cf871d6d5ae45fc9334e09632daa741d6", size = 4706985, upload-time = "2026-05-28T14:16:57.784Z" }
wheels = [
    { url = "https://files.pythonhosted.org/packages/fa/9d/3a45c05b8ab04b4705989de70a79008e27c8003296a0feaee9edc18dd7e9/ruff-0.15.15-py3-none-linux_armv6l.whl", hash = "sha256:cf93e5388f412e1b108b1f8b34a6e036b70fe8aff89393befad96fe48670311b", size = 10710652, upload-time = "2026-05-28T14:16:06.701Z" },
    { url = "https://files.pythonhosted.org/packages/05/66/da974431624bf3b49f6ee1f9543c02d929ff1cba78b0d5a79c38cf21f744/ruff-0.15.15-py3-none-macosx_10_12_x86_64.whl", hash = "sha256:ac5a646d1f6a7dadd5d50842dae2c1f9862ac887ef5d1b1375e02def791fde6e", size = 11096615, upload-time = "2026-05-28T14:16:23.313Z" },
    { url = "https://files.pythonhosted.org/packages/8c/09/7443452e5d290230a712103f2fdceeef7184f3ec99a2bd01c8be78aaceb5/ruff-0.15.15-py3-none-macosx_11_0_arm64.whl", hash = "sha256:77d955a431430c66f72dd94e379ad38a16daea3d25094872ac4edf9e797be530", size = 10436683, upload-time = "2026-05-28T14:16:40.974Z" },
    { url = "https://files.pythonhosted.org/packages/53/01/d330c26a57fa4f3943a14424904027428315b700fe4d14a84bb123a649e5/ruff-0.15.15-py3-none-manylinux_2_17_aarch64.manylinux2014_aarch64.whl", hash = "sha256:7614ee79c69788cf6cedd568069ade9cecc22a1ad20494efe8d0c9ebb4b622d4", size = 10769064, upload-time = "2026-05-28T14:16:28.905Z" },
    { url = "https://files.pythonhosted.org/packages/1d/85/cc8770f8bdff541b1da8392d1634141fe4a0e3f4ee596605959b7906c27f/ruff-0.15.15-py3-none-manylinux_2_17_armv7l.manylinux2014_armv7l.whl", hash = "sha256:3cdb1679e06a1f6b47bc384714ae96f6e2fb65ca441eb78c43d2ca554176ce1f", size = 10511987, upload-time = "2026-05-28T14:16:43.732Z" },
    { url = "https://files.pythonhosted.org/packages/7c/29/8c190c1472b63013583ba391f3342036e02010544c1270455ed8e519bdf3/ruff-0.15.15-py3-none-manylinux_2_17_i686.manylinux2014_i686.whl", hash = "sha256:2728b93d7b23a603ea2c0ac6eb73d760bd38ec9de35f35fb41e18f7a3fee7622", size = 11275100, upload-time = "2026-05-28T14:16:55.244Z" },
    { url = "https://files.pythonhosted.org/packages/9f/6b/7e145ce2cc8e63d6834eca03d83a0e18d121def5c69f91b4cf4011ed4879/ruff-0.15.15-py3-none-manylinux_2_17_ppc64le.manylinux2014_ppc64le.whl", hash = "sha256:be582fcc0db438902c7792b08d6ddf6c9b9e21addaa10092c2c741cfb09e5a45", size = 12176903, upload-time = "2026-05-28T14:16:14.368Z" },
    { url = "https://files.pythonhosted.org/packages/80/a3/d5974637f68e451f7fadf015cf3101d1cd7d8ba5027cffe0b9e3826ebe6b/ruff-0.15.15-py3-none-manylinux_2_17_s390x.manylinux2014_s390x.whl", hash = "sha256:7aa77465b8ecaf1a27bea098d696f7fed5e1eccbd10b321b682d6de586ae5627", size = 11404550, upload-time = "2026-05-28T14:16:20.138Z" },
    { url = "https://files.pythonhosted.org/packages/fe/1c/e6e5e568f22be4fb05d6244234aba384c06b451252453b821e1a529263cf/ruff-0.15.15-py3-none-manylinux_2_17_x86_64.manylinux2014_x86_64.whl", hash = "sha256:48decfa11d740de4889de623be1463308346312f2409a56e24aa280c86162dc4", size = 11382027, upload-time = "2026-05-28T14:16:46.615Z" },
    { url = "https://files.pythonhosted.org/packages/1d/01/170921b49fcd2e8858825593f91cf7146c3e40a5c3e6df763e4bb0484dde/ruff-0.15.15-py3-none-manylinux_2_31_riscv64.whl", hash = "sha256:a5015088452ca0081387063649ec67f06d3d1d6b8b936a1f836b5e9657ecd48c", size = 11366041, upload-time = "2026-05-28T14:16:26.247Z" },
    { url = "https://files.pythonhosted.org/packages/87/54/a7bad711d7de93254e15e06a4c375b89a03d18de45d3e5dcc86a4472fb1a/ruff-0.15.15-py3-none-musllinux_1_2_aarch64.whl", hash = "sha256:f5294aab6356c81600fcdea3a62bb1b924dfd5e91767c12318d3f68f86af57cd", size = 10741795, upload-time = "2026-05-28T14:16:17.11Z" },
    { url = "https://files.pythonhosted.org/packages/c9/31/38c075963668f8b41c6914ee0f6f318727fbe30ab9145cb29e6df464c5fa/ruff-0.15.15-py3-none-musllinux_1_2_armv7l.whl", hash = "sha256:db5bd4d802415cca656dc1616070b725952d6ae95eb5d4831e49fbd94a38f75f", size = 10511117, upload-time = "2026-05-28T14:16:31.767Z" },
    { url = "https://files.pythonhosted.org/packages/9d/96/6ff689e1f7e375d1d97075eca022f74c2bab59554a432fe4d2e6f091986a/ruff-0.15.15-py3-none-musllinux_1_2_i686.whl", hash = "sha256:587a6278ed42059191c1a466e490bd7930fb50bd2e255398bc29616c895a61cb", size = 10994867, upload-time = "2026-05-28T14:16:35.149Z" },
    { url = "https://files.pythonhosted.org/packages/c3/c2/5dce0ab9f92a8d534fa62b9bf9caca3eddb8c1a81b616f5e195ada4f0d6e/ruff-0.15.15-py3-none-musllinux_1_2_x86_64.whl", hash = "sha256:df0c1c084f5f4be9812f61518a45c440d3c30d69ce4bf6c5270e66d38338f02a", size = 11482101, upload-time = "2026-05-28T14:16:49.598Z" },
    { url = "https://files.pythonhosted.org/packages/b1/c0/1003b60edd697c649faf61f1a34094b1abb38fb3d1181e3f895781250a08/ruff-0.15.15-py3-none-win32.whl", hash = "sha256:29428ea79694afbe756d45fd59b36f22b6b020dc0443cf7de0173046236964b9", size = 10716774, upload-time = "2026-05-28T14:16:52.337Z" },
    { url = "https://files.pythonhosted.org/packages/02/a8/1269eddd6945a06c23f055ef7848886e37cf9d6a8bebb386a3115f01470c/ruff-0.15.15-py3-none-win_amd64.whl", hash = "sha256:8df0323902e15e24bc4bf246da830573d3cf3352bd0b9a164eab335d111ff4a4", size = 11868463, upload-time = "2026-05-28T14:16:11.333Z" },
    { url = "https://files.pythonhosted.org/packages/4e/b2/920464c907b191e37469d477a1aa8bc048b8f36c4c1610dfa4ab87b39e18/ruff-0.15.15-py3-none-win_arm64.whl", hash = "sha256:3c8ceca6792f38196b8f589bc92eccd03eef286602da92e5dc05cc42ef6441b7", size = 11138498, upload-time = "2026-05-28T14:16:38.425Z" },
]

[[package]]
name = "ty"
version = "0.0.41"
source = { registry = "https://pypi.org/simple" }
sdist = { url = "https://files.pythonhosted.org/packages/eb/8b/a64ba465cbc5d1b83c561a498ee5e7729b810606220277cafa93983e6ce1/ty-0.0.41.tar.gz", hash = "sha256:1e8b55bf4729634b2db64a7d9541cd880087cd681e87efc36e6a056cf05fb648", size = 5765398, upload-time = "2026-06-01T11:49:36.815Z" }
wheels = [
    { url = "https://files.pythonhosted.org/packages/8f/22/b032e4d0f35a436f60eabaa19c70dbed6f5095eb7e30c53ddff918aafcff/ty-0.0.41-py3-none-linux_armv6l.whl", hash = "sha256:5f61c5c06616129ce31dd74141e18be69f5e4204a9a0f4505688213353475b30", size = 11541803, upload-time = "2026-06-01T11:49:33.837Z" },
    { url = "https://files.pythonhosted.org/packages/46/f8/78f073febd728f19f0fcbe2e320855ed337b871ed775e0abe5c7b25bbc6a/ty-0.0.41-py3-none-macosx_10_12_x86_64.whl", hash = "sha256:25d6b4fbf198ae7523b8e4845ec3c7e1b1cd5efa1712febcad3856e70e66632b", size = 11275600, upload-time = "2026-06-01T11:49:59.384Z" },
    { url = "https://files.pythonhosted.org/packages/62/c6/b1b46684514e7372960348c723657f56db56799c36542571b49c77c18c87/ty-0.0.41-py3-none-macosx_11_0_arm64.whl", hash = "sha256:3509788ed3753669cdd28d289f281b834ceee91b4de648fcf0ef60677a75b030", size = 10695726, upload-time = "2026-06-01T11:50:05.232Z" },
    { url = "https://files.pythonhosted.org/packages/36/73/badf085590648a14bfe06571799becefaa2b409c5838c39b198b790c8f58/ty-0.0.41-py3-none-manylinux_2_17_aarch64.manylinux2014_aarch64.whl", hash = "sha256:b8c04f1424c872f1d8d28efbd69fb52728fcc6c37aa2d11675bf16f76d33ae14", size = 11196461, upload-time = "2026-06-01T11:50:07.174Z" },
    { url = "https://files.pythonhosted.org/packages/ff/8f/399ee615282f80fd912b5ce4b3fe31206a6d40283e0700046aebbbb893f2/ty-0.0.41-py3-none-manylinux_2_17_armv7l.manylinux2014_armv7l.whl", hash = "sha256:53e52bfce12f3723c376d690625f5c462fe318c46dbe53b16d36c266388ee04c", size = 11310318, upload-time = "2026-06-01T11:49:50.663Z" },
    { url = "https://files.pythonhosted.org/packages/e8/43/204e8fe9f4f8932dd8e42a23e3aa8a365a93ecc601f67172da1c4cea50c0/ty-0.0.41-py3-none-manylinux_2_17_i686.manylinux2014_i686.whl", hash = "sha256:c4f1d606602dc0eb895a0943af737d638311c7afd48b414897fd42a05e876a76", size = 11785266, upload-time = "2026-06-01T11:49:48.733Z" },
    { url = "https://files.pythonhosted.org/packages/e3/85/9098e96e40324ebd3797c3cad20ea0d855b56219806605e10b6455cf71b3/ty-0.0.41-py3-none-manylinux_2_17_ppc64le.manylinux2014_ppc64le.whl", hash = "sha256:e8f3c41f0b6b0525bcc8d76a9a5921cccda11886ae11f73e2d51e20e185bafb3", size = 12328093, upload-time = "2026-06-01T11:49:52.945Z" },
    { url = "https://files.pythonhosted.org/packages/0e/41/b6a4d29591e86a27ab1364ddc70d6cee9a78cff1ede5466f6862f0384a68/ty-0.0.41-py3-none-manylinux_2_17_s390x.manylinux2014_s390x.whl", hash = "sha256:bff8c4468933961e656664c3ef190800e3d50582c248aed41bb8a1578d64864a", size = 11979937, upload-time = "2026-06-01T11:49:29.633Z" },
    { url = "https://files.pythonhosted.org/packages/94/b2/6772c2c24fe412ebd0d57166d36afc176948857f7e90f368d321c561a12e/ty-0.0.41-py3-none-manylinux_2_17_x86_64.manylinux2014_x86_64.whl", hash = "sha256:c83077a5c56770b1dab5b086a908a4e77740fb8f29d862ed05bd4c854549603d", size = 11859185, upload-time = "2026-06-01T11:49:46.474Z" },
    { url = "https://files.pythonhosted.org/packages/75/59/e4a1e0feef9d74308621c3a8b1558db97fa1c022948341d0eed1bdfc59a1/ty-0.0.41-py3-none-manylinux_2_31_riscv64.whl", hash = "sha256:8067fae5532ad3c48295c7ddbd1657ea3ee7392810c57810c9c98fe83d43d57f", size = 12036836, upload-time = "2026-06-01T11:49:39.182Z" },
    { url = "https://files.pythonhosted.org/packages/31/67/38f5312c74d51a510fb46c55b49880af6ca186cb87618938c67e808a45a5/ty-0.0.41-py3-none-musllinux_1_2_aarch64.whl", hash = "sha256:73a245242380bac3fbf3005d085c153923a45de8918001fad475af54c6fd50e4", size = 11179559, upload-time = "2026-06-01T11:50:01.355Z" },
    { url = "https://files.pythonhosted.org/packages/8c/55/f8cb36874dc1b8b26c6ae066f8ebec392197caa22becdc55bc7e53d251a5/ty-0.0.41-py3-none-musllinux_1_2_armv7l.whl", hash = "sha256:4eb25f5dc398aa0a5fbd90de62d6a0fd3713354e566ba93cc53670fe84067ee1", size = 11347231, upload-time = "2026-06-01T11:49:55.093Z" },
    { url = "https://files.pythonhosted.org/packages/8d/96/2d4369d7e8240b2dea1d7a7985709c38c6ccc57bbc8dbbdae3db5ee8d71a/ty-0.0.41-py3-none-musllinux_1_2_i686.whl", hash = "sha256:092c3a1ef9e3a189f71428092e736080ef42bf5c14412aa61bee8d644261797d", size = 11446240, upload-time = "2026-06-01T11:49:31.822Z" },
    { url = "https://files.pythonhosted.org/packages/8b/b0/36f09bfb568bc14f8496f2ace503c63c9152b4b65da4518cd3be0aa85312/ty-0.0.41-py3-none-musllinux_1_2_x86_64.whl", hash = "sha256:53edeb6e2ac430fe789454471f0e22a2a71581100818271150bd8f89fa468cc7", size = 11947795, upload-time = "2026-06-01T11:49:41.654Z" },
    { url = "https://files.pythonhosted.org/packages/92/33/ffd38f5e3ecb25e1b7aac314d902ceaa93be16f4874dc236f9da79509468/ty-0.0.41-py3-none-win32.whl", hash = "sha256:f66bdf3afb71f11d412a4c704fa9691e0209cbc8268a19489c8960c7b74eac8b", size = 10776684, upload-time = "2026-06-01T11:50:03.309Z" },
    { url = "https://files.pythonhosted.org/packages/ce/35/4c3e821906cfb05a88c232f5c1202be7ed336e05f4cc796213c809ab6177/ty-0.0.41-py3-none-win_amd64.whl", hash = "sha256:c18386e5c3a0c3d118ce58ee0d8a35f8d18d6b1020ca8ec690f6064e6230a79b", size = 11860965, upload-time = "2026-06-01T11:49:57.07Z" },
    { url = "https://files.pythonhosted.org/packages/5e/20/7c587e4c3c6da1757555831cac308c4add7a958f8b1c7f76cb1dd55ceabf/ty-0.0.41-py3-none-win_arm64.whl", hash = "sha256:289eb66ee5c3554d59b0ea69885ddc5fc8051f3228dd9fee2501799db4a07117", size = 11206414, upload-time = "2026-06-01T11:49:44.395Z" },
]
